
Microsoft Visual Studio Solution File, Format Version 12.00
# Visual Studio Version 16
VisualStudioVersion = 16.0.32602.291
MinimumVisualStudioVersion = 10.0.40219.1
Project("{9A19103F-16F7-4668-BE54-9A1E7A4F7556}") = "CORE.Common", "CORE\CORE.Common\CORE.Common.csproj", "{53FCEB9D-B53E-43D2-ACBA-35D46E5788EF}"
EndProject
Project("{9A19103F-16F7-4668-BE54-9A1E7A4F7556}") = "CORE.Dto", "CORE.Dto\CORE.Dto.csproj", "{BA4A87CA-1897-4680-B66B-85E8477106AB}"
EndProject
Project("{9A19103F-16F7-4668-BE54-9A1E7A4F7556}") = "Customer.BAL", "DevPace.BAL\Customer.BAL.csproj", "{A23C8F1D-23AA-4B59-831C-36FCBFEC0C60}"
EndProject
Project("{9A19103F-16F7-4668-BE54-9A1E7A4F7556}") = "Customer.WebApi", "Customer.WebApi\Customer.WebApi.csproj", "{D25659A3-173C-4F87-AA4A-7555D1CA9853}"
EndProject
Project("{9A19103F-16F7-4668-BE54-9A1E7A4F7556}") = "CORE.DAL", "CORE.DAL\CORE.DAL.csproj", "{FB920CE7-145E-4234-846E-22328F2086F2}"
EndProject
Global
	GlobalSection(SolutionConfigurationPlatforms) = preSolution
		Debug|Any CPU = Debug|Any CPU
		Release|Any CPU = Release|Any CPU
	EndGlobalSection
	GlobalSection(ProjectConfigurationPlatforms) = postSolution
		{53FCEB9D-B53E-43D2-ACBA-35D46E5788EF}.Debug|Any CPU.ActiveCfg = Debug|Any CPU
		{53FCEB9D-B53E-43D2-ACBA-35D46E5788EF}.Debug|Any CPU.Build.0 = Debug|Any CPU
		{53FCEB9D-B53E-43D2-ACBA-35D46E5788EF}.Release|Any CPU.ActiveCfg = Release|Any CPU
		{53FCEB9D-B53E-43D2-ACBA-35D46E5788EF}.Release|Any CPU.Build.0 = Release|Any CPU
		{BA4A87CA-1897-4680-B66B-85E8477106AB}.Debug|Any CPU.ActiveCfg = Debug|Any CPU
		{BA4A87CA-1897-4680-B66B-85E8477106AB}.Debug|Any CPU.Build.0 = Debug|Any CPU
		{BA4A87CA-1897-4680-B66B-85E8477106AB}.Release|Any CPU.ActiveCfg = Release|Any CPU
		{BA4A87CA-1897-4680-B66B-85E8477106AB}.Release|Any CPU.Build.0 = Release|Any CPU
		{A23C8F1D-23AA-4B59-831C-36FCBFEC0C60}.Debug|Any CPU.ActiveCfg = Debug|Any CPU
		{A23C8F1D-23AA-4B59-831C-36FCBFEC0C60}.Debug|Any CPU.Build.0 = Debug|Any CPU
		{A23C8F1D-23AA-4B59-831C-36FCBFEC0C60}.Release|Any CPU.ActiveCfg = Release|Any CPU
		{A23C8F1D-23AA-4B59-831C-36FCBFEC0C60}.Release|Any CPU.Build.0 = Release|Any CPU
		{D25659A3-173C-4F87-AA4A-7555D1CA9853}.Debug|Any CPU.ActiveCfg = Debug|Any CPU
		{D25659A3-173C-4F87-AA4A-7555D1CA9853}.Debug|Any CPU.Build.0 = Debug|Any CPU
		{D25659A3-173C-4F87-AA4A-7555D1CA9853}.Release|Any CPU.ActiveCfg = Release|Any CPU
		{D25659A3-173C-4F87-AA4A-7555D1CA9853}.Release|Any CPU.Build.0 = Release|Any CPU
		{FB920CE7-145E-4234-846E-22328F2086F2}.Debug|Any CPU.ActiveCfg = Debug|Any CPU
		{FB920CE7-145E-4234-846E-22328F2086F2}.Debug|Any CPU.Build.0 = Debug|Any CPU
		{FB920CE7-145E-4234-846E-22328F2086F2}.Release|Any CPU.ActiveCfg = Release|Any CPU
		{FB920CE7-145E-4234-846E-22328F2086F2}.Release|Any CPU.Build.0 = Release|Any CPU
	EndGlobalSection
	GlobalSection(SolutionProperties) = preSolution
		HideSolutionNode = FALSE
	EndGlobalSection
	GlobalSection(ExtensibilityGlobals) = postSolution
		SolutionGuid = {85E301C7-CB17-4F22-A885-63A5E292EBEE}
	EndGlobalSection
EndGlobal
